// !$*UTF8*$!
{
	archiveVersion = 1;
	classes = {
	};
	objectVersion = 48;
	objects = {

/* Begin PBXBuildFile section */
		FD5CC67E1F8082E2006F4A27 /* UVComicTableView.swift in Sources */ = {isa = PBXBuildFile; fileRef = FD5CC67D1F8082E2006F4A27 /* UVComicTableView.swift */; };
		FD5CC67F1F8082E2006F4A27 /* UVComicTableView.swift in Sources */ = {isa = PBXBuildFile; fileRef = FD5CC67D1F8082E2006F4A27 /* UVComicTableView.swift */; };
		FD5CC6801F8082E2006F4A27 /* UVComicTableView.swift in Sources */ = {isa = PBXBuildFile; fileRef = FD5CC67D1F8082E2006F4A27 /* UVComicTableView.swift */; };
		FD5CC6821F80856F006F4A27 /* UVComicTableViewCell.swift in Sources */ = {isa = PBXBuildFile; fileRef = FD5CC6811F80856F006F4A27 /* UVComicTableViewCell.swift */; };
		FD5CC6831F80856F006F4A27 /* UVComicTableViewCell.swift in Sources */ = {isa = PBXBuildFile; fileRef = FD5CC6811F80856F006F4A27 /* UVComicTableViewCell.swift */; };
		FD5CC6841F80856F006F4A27 /* UVComicTableViewCell.swift in Sources */ = {isa = PBXBuildFile; fileRef = FD5CC6811F80856F006F4A27 /* UVComicTableViewCell.swift */; };
		FD9A24021F80437500BA1038 /* AppDelegate.swift in Sources */ = {isa = PBXBuildFile; fileRef = FD9A24011F80437500BA1038 /* AppDelegate.swift */; };
		FD9A24041F80437500BA1038 /* UVRootViewController.swift in Sources */ = {isa = PBXBuildFile; fileRef = FD9A24031F80437500BA1038 /* UVRootViewController.swift */; };
		FD9A24071F80437500BA1038 /* Main.storyboard in Resources */ = {isa = PBXBuildFile; fileRef = FD9A24051F80437500BA1038 /* Main.storyboard */; };
		FD9A24091F80437500BA1038 /* Assets.xcassets in Resources */ = {isa = PBXBuildFile; fileRef = FD9A24081F80437500BA1038 /* Assets.xcassets */; };
		FD9A240C1F80437500BA1038 /* LaunchScreen.storyboard in Resources */ = {isa = PBXBuildFile; fileRef = FD9A240A1F80437500BA1038 /* LaunchScreen.storyboard */; };
		FD9A24171F80437500BA1038 /* UvaroviteTests.swift in Sources */ = {isa = PBXBuildFile; fileRef = FD9A24161F80437500BA1038 /* UvaroviteTests.swift */; };
		FD9A24221F80437500BA1038 /* UvaroviteUITests.swift in Sources */ = {isa = PBXBuildFile; fileRef = FD9A24211F80437500BA1038 /* UvaroviteUITests.swift */; };
		FD9A24311F80448B00BA1038 /* UVComic.swift in Sources */ = {isa = PBXBuildFile; fileRef = FD9A24301F80448B00BA1038 /* UVComic.swift */; };
		FD9A24321F80448B00BA1038 /* UVComic.swift in Sources */ = {isa = PBXBuildFile; fileRef = FD9A24301F80448B00BA1038 /* UVComic.swift */; };
		FD9A24331F80448B00BA1038 /* UVComic.swift in Sources */ = {isa = PBXBuildFile; fileRef = FD9A24301F80448B00BA1038 /* UVComic.swift */; };
		FD9A24351F8046E300BA1038 /* UVComicManager.swift in Sources */ = {isa = PBXBuildFile; fileRef = FD9A24341F8046E300BA1038 /* UVComicManager.swift */; };
		FD9A24361F8046E300BA1038 /* UVComicManager.swift in Sources */ = {isa = PBXBuildFile; fileRef = FD9A24341F8046E300BA1038 /* UVComicManager.swift */; };
		FD9A24371F8046E300BA1038 /* UVComicManager.swift in Sources */ = {isa = PBXBuildFile; fileRef = FD9A24341F8046E300BA1038 /* UVComicManager.swift */; };
/* End PBXBuildFile section */

/* Begin PBXContainerItemProxy section */
		FD9A24131F80437500BA1038 /* PBXContainerItemProxy */ = {
			isa = PBXContainerItemProxy;
			containerPortal = FD9A23F61F80437500BA1038 /* Project object */;
			proxyType = 1;
			remoteGlobalIDString = FD9A23FD1F80437500BA1038;
			remoteInfo = Uvarovite;
		};
		FD9A241E1F80437500BA1038 /* PBXContainerItemProxy */ = {
			isa = PBXContainerItemProxy;
			containerPortal = FD9A23F61F80437500BA1038 /* Project object */;
			proxyType = 1;
			remoteGlobalIDString = FD9A23FD1F80437500BA1038;
			remoteInfo = Uvarovite;
		};
/* End PBXContainerItemProxy section */

/* Begin PBXFileReference section */
		FD5CC67D1F8082E2006F4A27 /* UVComicTableView.swift */ = {isa = PBXFileReference; lastKnownFileType = sourcecode.swift; path = UVComicTableView.swift; sourceTree = "<group>"; };
		FD5CC6811F80856F006F4A27 /* UVComicTableViewCell.swift */ = {isa = PBXFileReference; lastKnownFileType = sourcecode.swift; path = UVComicTableViewCell.swift; sourceTree = "<group>"; };
		FD9A23FE1F80437500BA1038 /* Uvarovite.app */ = {isa = PBXFileReference; explicitFileType = wrapper.application; includeInIndex = 0; path = Uvarovite.app; sourceTree = BUILT_PRODUCTS_DIR; };
		FD9A24011F80437500BA1038 /* AppDelegate.swift */ = {isa = PBXFileReference; lastKnownFileType = sourcecode.swift; path = AppDelegate.swift; sourceTree = "<group>"; };
		FD9A24031F80437500BA1038 /* UVRootViewController.swift */ = {isa = PBXFileReference; lastKnownFileType = sourcecode.swift; path = UVRootViewController.swift; sourceTree = "<group>"; };
		FD9A24061F80437500BA1038 /* Base */ = {isa = PBXFileReference; lastKnownFileType = file.storyboard; name = Base; path = Base.lproj/Main.storyboard; sourceTree = "<group>"; };
		FD9A24081F80437500BA1038 /* Assets.xcassets */ = {isa = PBXFileReference; lastKnownFileType = folder.assetcatalog; path = Assets.xcassets; sourceTree = "<group>"; };
		FD9A240B1F80437500BA1038 /* Base */ = {isa = PBXFileReference; lastKnownFileType = file.storyboard; name = Base; path = Base.lproj/LaunchScreen.storyboard; sourceTree = "<group>"; };
		FD9A240D1F80437500BA1038 /* Info.plist */ = {isa = PBXFileReference; lastKnownFileType = text.plist.xml; path = Info.plist; sourceTree = "<group>"; };
		FD9A24121F80437500BA1038 /* UvaroviteTests.xctest */ = {isa = PBXFileReference; explicitFileType = wrapper.cfbundle; includeInIndex = 0; path = UvaroviteTests.xctest; sourceTree = BUILT_PRODUCTS_DIR; };
		FD9A24161F80437500BA1038 /* UvaroviteTests.swift */ = {isa = PBXFileReference; lastKnownFileType = sourcecode.swift; path = UvaroviteTests.swift; sourceTree = "<group>"; };
		FD9A24181F80437500BA1038 /* Info.plist */ = {isa = PBXFileReference; lastKnownFileType = text.plist.xml; path = Info.plist; sourceTree = "<group>"; };
		FD9A241D1F80437500BA1038 /* UvaroviteUITests.xctest */ = {isa = PBXFileReference; explicitFileType = wrapper.cfbundle; includeInIndex = 0; path = UvaroviteUITests.xctest; sourceTree = BUILT_PRODUCTS_DIR; };
		FD9A24211F80437500BA1038 /* UvaroviteUITests.swift */ = {isa = PBXFileReference; lastKnownFileType = sourcecode.swift; path = UvaroviteUITests.swift; sourceTree = "<group>"; };
		FD9A24231F80437500BA1038 /* Info.plist */ = {isa = PBXFileReference; lastKnownFileType = text.plist.xml; path = Info.plist; sourceTree = "<group>"; };
		FD9A24301F80448B00BA1038 /* UVComic.swift */ = {isa = PBXFileReference; lastKnownFileType = sourcecode.swift; path = UVComic.swift; sourceTree = "<group>"; };
		FD9A24341F8046E300BA1038 /* UVComicManager.swift */ = {isa = PBXFileReference; lastKnownFileType = sourcecode.swift; path = UVComicManager.swift; sourceTree = "<group>"; };
/* End PBXFileReference section */

/* Begin PBXFrameworksBuildPhase section */
		FD9A23FB1F80437500BA1038 /* Frameworks */ = {
			isa = PBXFrameworksBuildPhase;
			buildActionMask = 2147483647;
			files = (
			);
			runOnlyForDeploymentPostprocessing = 0;
		};
		FD9A240F1F80437500BA1038 /* Frameworks */ = {
			isa = PBXFrameworksBuildPhase;
			buildActionMask = 2147483647;
			files = (
			);
			runOnlyForDeploymentPostprocessing = 0;
		};
		FD9A241A1F80437500BA1038 /* Frameworks */ = {
			isa = PBXFrameworksBuildPhase;
			buildActionMask = 2147483647;
			files = (
			);
			runOnlyForDeploymentPostprocessing = 0;
		};
/* End PBXFrameworksBuildPhase section */

/* Begin PBXGroup section */
		FD5CC67C1F8082B2006F4A27 /* UI */ = {
			isa = PBXGroup;
			children = (
				FD5CC67D1F8082E2006F4A27 /* UVComicTableView.swift */,
				FD5CC6811F80856F006F4A27 /* UVComicTableViewCell.swift */,
			);
			path = UI;
			sourceTree = "<group>";
		};
		FD9A23F51F80437500BA1038 = {
			isa = PBXGroup;
			children = (
				FD9A24001F80437500BA1038 /* Uvarovite */,
				FD9A24151F80437500BA1038 /* UvaroviteTests */,
				FD9A24201F80437500BA1038 /* UvaroviteUITests */,
				FD9A23FF1F80437500BA1038 /* Products */,
			);
			sourceTree = "<group>";
		};
		FD9A23FF1F80437500BA1038 /* Products */ = {
			isa = PBXGroup;
			children = (
				FD9A23FE1F80437500BA1038 /* Uvarovite.app */,
				FD9A24121F80437500BA1038 /* UvaroviteTests.xctest */,
				FD9A241D1F80437500BA1038 /* UvaroviteUITests.xctest */,
			);
			name = Products;
			sourceTree = "<group>";
		};
		FD9A24001F80437500BA1038 /* Uvarovite */ = {
			isa = PBXGroup;
			children = (
				FD9A24051F80437500BA1038 /* Main.storyboard */,
				FD5CC67C1F8082B2006F4A27 /* UI */,
				FD9A242F1F80443700BA1038 /* Model */,
				FD9A24011F80437500BA1038 /* AppDelegate.swift */,
				FD9A24031F80437500BA1038 /* UVRootViewController.swift */,
				FD9A24081F80437500BA1038 /* Assets.xcassets */,
				FD9A240A1F80437500BA1038 /* LaunchScreen.storyboard */,
				FD9A240D1F80437500BA1038 /* Info.plist */,
			);
			path = Uvarovite;
			sourceTree = "<group>";
		};
		FD9A24151F80437500BA1038 /* UvaroviteTests */ = {
			isa = PBXGroup;
			children = (
				FD9A24161F80437500BA1038 /* UvaroviteTests.swift */,
				FD9A24181F80437500BA1038 /* Info.plist */,
			);
			path = UvaroviteTests;
			sourceTree = "<group>";
		};
		FD9A24201F80437500BA1038 /* UvaroviteUITests */ = {
			isa = PBXGroup;
			children = (
				FD9A24211F80437500BA1038 /* UvaroviteUITests.swift */,
				FD9A24231F80437500BA1038 /* Info.plist */,
			);
			path = UvaroviteUITests;
			sourceTree = "<group>";
		};
		FD9A242F1F80443700BA1038 /* Model */ = {
			isa = PBXGroup;
			children = (
				FD9A24301F80448B00BA1038 /* UVComic.swift */,
				FD9A24341F8046E300BA1038 /* UVComicManager.swift */,
			);
			path = Model;
			sourceTree = "<group>";
		};
/* End PBXGroup section */

/* Begin PBXNativeTarget section */
		FD9A23FD1F80437500BA1038 /* Uvarovite */ = {
			isa = PBXNativeTarget;
			buildConfigurationList = FD9A24261F80437500BA1038 /* Build configuration list for PBXNativeTarget "Uvarovite" */;
			buildPhases = (
				FD9A23FA1F80437500BA1038 /* Sources */,
				FD9A23FB1F80437500BA1038 /* Frameworks */,
				FD9A23FC1F80437500BA1038 /* Resources */,
			);
			buildRules = (
			);
			dependencies = (
			);
			name = Uvarovite;
			productName = Uvarovite;
			productReference = FD9A23FE1F80437500BA1038 /* Uvarovite.app */;
			productType = "com.apple.product-type.application";
		};
		FD9A24111F80437500BA1038 /* UvaroviteTests */ = {
			isa = PBXNativeTarget;
			buildConfigurationList = FD9A24291F80437500BA1038 /* Build configuration list for PBXNativeTarget "UvaroviteTests" */;
			buildPhases = (
				FD9A240E1F80437500BA1038 /* Sources */,
				FD9A240F1F80437500BA1038 /* Frameworks */,
				FD9A24101F80437500BA1038 /* Resources */,
			);
			buildRules = (
			);
			dependencies = (
				FD9A24141F80437500BA1038 /* PBXTargetDependency */,
			);
			name = UvaroviteTests;
			productName = UvaroviteTests;
			productReference = FD9A24121F80437500BA1038 /* UvaroviteTests.xctest */;
			productType = "com.apple.product-type.bundle.unit-test";
		};
		FD9A241C1F80437500BA1038 /* UvaroviteUITests */ = {
			isa = PBXNativeTarget;
			buildConfigurationList = FD9A242C1F80437500BA1038 /* Build configuration list for PBXNativeTarget "UvaroviteUITests" */;
			buildPhases = (
				FD9A24191F80437500BA1038 /* Sources */,
				FD9A241A1F80437500BA1038 /* Frameworks */,
				FD9A241B1F80437500BA1038 /* Resources */,
			);
			buildRules = (
			);
			dependencies = (
				FD9A241F1F80437500BA1038 /* PBXTargetDependency */,
			);
			name = UvaroviteUITests;
			productName = UvaroviteUITests;
			productReference = FD9A241D1F80437500BA1038 /* UvaroviteUITests.xctest */;
			productType = "com.apple.product-type.bundle.ui-testing";
		};
/* End PBXNativeTarget section */

/* Begin PBXProject section */
		FD9A23F61F80437500BA1038 /* Project object */ = {
			isa = PBXProject;
			attributes = {
				LastSwiftUpdateCheck = 0900;
				LastUpgradeCheck = 0900;
				ORGANIZATIONNAME = "Tolga AKIN";
				TargetAttributes = {
					FD9A23FD1F80437500BA1038 = {
						CreatedOnToolsVersion = 9.0;
						ProvisioningStyle = Automatic;
					};
					FD9A24111F80437500BA1038 = {
						CreatedOnToolsVersion = 9.0;
						ProvisioningStyle = Automatic;
						TestTargetID = FD9A23FD1F80437500BA1038;
					};
					FD9A241C1F80437500BA1038 = {
						CreatedOnToolsVersion = 9.0;
						ProvisioningStyle = Automatic;
						TestTargetID = FD9A23FD1F80437500BA1038;
					};
				};
			};
			buildConfigurationList = FD9A23F91F80437500BA1038 /* Build configuration list for PBXProject "Uvarovite" */;
			compatibilityVersion = "Xcode 8.0";
			developmentRegion = en;
			hasScannedForEncodings = 0;
			knownRegions = (
				en,
				Base,
			);
			mainGroup = FD9A23F51F80437500BA1038;
			productRefGroup = FD9A23FF1F80437500BA1038 /* Products */;
			projectDirPath = "";
			projectRoot = "";
			targets = (
				FD9A23FD1F80437500BA1038 /* Uvarovite */,
				FD9A24111F80437500BA1038 /* UvaroviteTests */,
				FD9A241C1F80437500BA1038 /* UvaroviteUITests */,
			);
		};
/* End PBXProject section */

/* Begin PBXResourcesBuildPhase section */
		FD9A23FC1F80437500BA1038 /* Resources */ = {
			isa = PBXResourcesBuildPhase;
			buildActionMask = 2147483647;
			files = (
				FD9A240C1F80437500BA1038 /* LaunchScreen.storyboard in Resources */,
				FD9A24091F80437500BA1038 /* Assets.xcassets in Resources */,
				FD9A24071F80437500BA1038 /* Main.storyboard in Resources */,
			);
			runOnlyForDeploymentPostprocessing = 0;
		};
		FD9A24101F80437500BA1038 /* Resources */ = {
			isa = PBXResourcesBuildPhase;
			buildActionMask = 2147483647;
			files = (
			);
			runOnlyForDeploymentPostprocessing = 0;
		};
		FD9A241B1F80437500BA1038 /* Resources */ = {
			isa = PBXResourcesBuildPhase;
			buildActionMask = 2147483647;
			files = (
			);
			runOnlyForDeploymentPostprocessing = 0;
		};
/* End PBXResourcesBuildPhase section */

/* Begin PBXSourcesBuildPhase section */
		FD9A23FA1F80437500BA1038 /* Sources */ = {
			isa = PBXSourcesBuildPhase;
			buildActionMask = 2147483647;
			files = (
				FD9A24351F8046E300BA1038 /* UVComicManager.swift in Sources */,
				FD5CC67E1F8082E2006F4A27 /* UVComicTableView.swift in Sources */,
				FD5CC6821F80856F006F4A27 /* UVComicTableViewCell.swift in Sources */,
				FD9A24041F80437500BA1038 /* UVRootViewController.swift in Sources */,
				FD9A24021F80437500BA1038 /* AppDelegate.swift in Sources */,
				FD9A24311F80448B00BA1038 /* UVComic.swift in Sources */,
			);
			runOnlyForDeploymentPostprocessing = 0;
		};
		FD9A240E1F80437500BA1038 /* Sources */ = {
			isa = PBXSourcesBuildPhase;
			buildActionMask = 2147483647;
			files = (
				FD9A24321F80448B00BA1038 /* UVComic.swift in Sources */,
				FD9A24361F8046E300BA1038 /* UVComicManager.swift in Sources */,
				FD5CC67F1F8082E2006F4A27 /* UVComicTableView.swift in Sources */,
				FD5CC6831F80856F006F4A27 /* UVComicTableViewCell.swift in Sources */,
				FD9A24171F80437500BA1038 /* UvaroviteTests.swift in Sources */,
			);
			runOnlyForDeploymentPostprocessing = 0;
		};
		FD9A24191F80437500BA1038 /* Sources */ = {
			isa = PBXSourcesBuildPhase;
			buildActionMask = 2147483647;
			files = (
				FD9A24331F80448B00BA1038 /* UVComic.swift in Sources */,
				FD9A24371F8046E300BA1038 /* UVComicManager.swift in Sources */,
				FD5CC6801F8082E2006F4A27 /* UVComicTableView.swift in Sources */,
				FD5CC6841F80856F006F4A27 /* UVComicTableViewCell.swift in Sources */,
				FD9A24221F80437500BA1038 /* UvaroviteUITests.swift in Sources */,
			);
			runOnlyForDeploymentPostprocessing = 0;
		};
/* End PBXSourcesBuildPhase section */

/* Begin PBXTargetDependency section */
		FD9A24141F80437500BA1038 /* PBXTargetDependency */ = {
			isa = PBXTargetDependency;
			target = FD9A23FD1F80437500BA1038 /* Uvarovite */;
			targetProxy = FD9A24131F80437500BA1038 /* PBXContainerItemProxy */;
		};
		FD9A241F1F80437500BA1038 /* PBXTargetDependency */ = {
			isa = PBXTargetDependency;
			target = FD9A23FD1F80437500BA1038 /* Uvarovite */;
			targetProxy = FD9A241E1F80437500BA1038 /* PBXContainerItemProxy */;
		};
/* End PBXTargetDependency section */

/* Begin PBXVariantGroup section */
		FD9A24051F80437500BA1038 /* Main.storyboard */ = {
			isa = PBXVariantGroup;
			children = (
				FD9A24061F80437500BA1038 /* Base */,
			);
			name = Main.storyboard;
			sourceTree = "<group>";
		};
		FD9A240A1F80437500BA1038 /* LaunchScreen.storyboard */ = {
			isa = PBXVariantGroup;
			children = (
				FD9A240B1F80437500BA1038 /* Base */,
			);
			name = LaunchScreen.storyboard;
			sourceTree = "<group>";
		};
/* End PBXVariantGroup section */

/* Begin XCBuildConfiguration section */
		FD9A24241F80437500BA1038 /* Debug */ = {
			isa = XCBuildConfiguration;
			buildSettings = {
				ALWAYS_SEARCH_USER_PATHS = NO;
				CLANG_ANALYZER_NONNULL = YES;
				CLANG_ANALYZER_NUMBER_OBJECT_CONVERSION = YES_AGGRESSIVE;
				CLANG_CXX_LANGUAGE_STANDARD = "gnu++14";
				CLANG_CXX_LIBRARY = "libc++";
				CLANG_ENABLE_MODULES = YES;
				CLANG_ENABLE_OBJC_ARC = YES;
				CLANG_WARN_BLOCK_CAPTURE_AUTORELEASING = YES;
				CLANG_WARN_BOOL_CONVERSION = YES;
				CLANG_WARN_COMMA = YES;
				CLANG_WARN_CONSTANT_CONVERSION = YES;
				CLANG_WARN_DIRECT_OBJC_ISA_USAGE = YES_ERROR;
				CLANG_WARN_DOCUMENTATION_COMMENTS = YES;
				CLANG_WARN_EMPTY_BODY = YES;
				CLANG_WARN_ENUM_CONVERSION = YES;
				CLANG_WARN_INFINITE_RECURSION = YES;
				CLANG_WARN_INT_CONVERSION = YES;
				CLANG_WARN_NON_LITERAL_NULL_CONVERSION = YES;
				CLANG_WARN_OBJC_LITERAL_CONVERSION = YES;
				CLANG_WARN_OBJC_ROOT_CLASS = YES_ERROR;
				CLANG_WARN_RANGE_LOOP_ANALYSIS = YES;
				CLANG_WARN_STRICT_PROTOTYPES = YES;
				CLANG_WARN_SUSPICIOUS_MOVE = YES;
				CLANG_WARN_UNGUARDED_AVAILABILITY = YES_AGGRESSIVE;
				CLANG_WARN_UNREACHABLE_CODE = YES;
				CLANG_WARN__DUPLICATE_METHOD_MATCH = YES;
				CODE_SIGN_IDENTITY = "iPhone Developer";
				COPY_PHASE_STRIP = NO;
				DEBUG_INFORMATION_FORMAT = dwarf;
				ENABLE_STRICT_OBJC_MSGSEND = YES;
				ENABLE_TESTABILITY = YES;
				GCC_C_LANGUAGE_STANDARD = gnu11;
				GCC_DYNAMIC_NO_PIC = NO;
				GCC_NO_COMMON_BLOCKS = YES;
				GCC_OPTIMIZATION_LEVEL = 0;
				GCC_PREPROCESSOR_DEFINITIONS = (
					"DEBUG=1",
					"$(inherited)",
				);
				GCC_WARN_64_TO_32_BIT_CONVERSION = YES;
				GCC_WARN_ABOUT_RETURN_TYPE = YES_ERROR;
				GCC_WARN_UNDECLARED_SELECTOR = YES;
				GCC_WARN_UNINITIALIZED_AUTOS = YES_AGGRESSIVE;
				GCC_WARN_UNUSED_FUNCTION = YES;
				GCC_WARN_UNUSED_VARIABLE = YES;
				IPHONEOS_DEPLOYMENT_TARGET = 11.0;
				MTL_ENABLE_DEBUG_INFO = YES;
				ONLY_ACTIVE_ARCH = YES;
				SDKROOT = iphoneos;
				SWIFT_ACTIVE_COMPILATION_CONDITIONS = DEBUG;
				SWIFT_OPTIMIZATION_LEVEL = "-Onone";
			};
			name = Debug;
		};
		FD9A24251F80437500BA1038 /* Release */ = {
			isa = XCBuildConfiguration;
			buildSettings = {
				ALWAYS_SEARCH_USER_PATHS = NO;
				CLANG_ANALYZER_NONNULL = YES;
				CLANG_ANALYZER_NUMBER_OBJECT_CONVERSION = YES_AGGRESSIVE;
				CLANG_CXX_LANGUAGE_STANDARD = "gnu++14";
				CLANG_CXX_LIBRARY = "libc++";
				CLANG_ENABLE_MODULES = YES;
				CLANG_ENABLE_OBJC_ARC = YES;
				CLANG_WARN_BLOCK_CAPTURE_AUTORELEASING = YES;
				CLANG_WARN_BOOL_CONVERSION = YES;
				CLANG_WARN_COMMA = YES;
				CLANG_WARN_CONSTANT_CONVERSION = YES;
				CLANG_WARN_DIRECT_OBJC_ISA_USAGE = YES_ERROR;
				CLANG_WARN_DOCUMENTATION_COMMENTS = YES;
				CLANG_WARN_EMPTY_BODY = YES;
				CLANG_WARN_ENUM_CONVERSION = YES;
				CLANG_WARN_INFINITE_RECURSION = YES;
				CLANG_WARN_INT_CONVERSION = YES;
				CLANG_WARN_NON_LITERAL_NULL_CONVERSION = YES;
				CLANG_WARN_OBJC_LITERAL_CONVERSION = YES;
				CLANG_WARN_OBJC_ROOT_CLASS = YES_ERROR;
				CLANG_WARN_RANGE_LOOP_ANALYSIS = YES;
				CLANG_WARN_STRICT_PROTOTYPES = YES;
				CLANG_WARN_SUSPICIOUS_MOVE = YES;
				CLANG_WARN_UNGUARDED_AVAILABILITY = YES_AGGRESSIVE;
				CLANG_WARN_UNREACHABLE_CODE = YES;
				CLANG_WARN__DUPLICATE_METHOD_MATCH = YES;
				CODE_SIGN_IDENTITY = "iPhone Developer";
				COPY_PHASE_STRIP = NO;
				DEBUG_INFORMATION_FORMAT = "dwarf-with-dsym";
				ENABLE_NS_ASSERTIONS = NO;
				ENABLE_STRICT_OBJC_MSGSEND = YES;
				GCC_C_LANGUAGE_STANDARD = gnu11;
				GCC_NO_COMMON_BLOCKS = YES;
				GCC_WARN_64_TO_32_BIT_CONVERSION = YES;
				GCC_WARN_ABOUT_RETURN_TYPE = YES_ERROR;
				GCC_WARN_UNDECLARED_SELECTOR = YES;
				GCC_WARN_UNINITIALIZED_AUTOS = YES_AGGRESSIVE;
				GCC_WARN_UNUSED_FUNCTION = YES;
				GCC_WARN_UNUSED_VARIABLE = YES;
				IPHONEOS_DEPLOYMENT_TARGET = 11.0;
				MTL_ENABLE_DEBUG_INFO = NO;
				SDKROOT = iphoneos;
				SWIFT_OPTIMIZATION_LEVEL = "-Owholemodule";
				VALIDATE_PRODUCT = YES;
			};
			name = Release;
		};
		FD9A24271F80437500BA1038 /* Debug */ = {
			isa = XCBuildConfiguration;
			buildSettings = {
				ASSETCATALOG_COMPILER_APPICON_NAME = AppIcon;
				CODE_SIGN_STYLE = Automatic;
				DEVELOPMENT_TEAM = 286BN4BY9J;
				INFOPLIST_FILE = Uvarovite/Info.plist;
				LD_RUNPATH_SEARCH_PATHS = "$(inherited) @executable_path/Frameworks";
				PRODUCT_BUNDLE_IDENTIFIER = com.tolgaakin.Uvarovite;
				PRODUCT_NAME = "$(TARGET_NAME)";
				SWIFT_VERSION = 4.0;
				TARGETED_DEVICE_FAMILY = "1,2";
			};
			name = Debug;
		};
		FD9A24281F80437500BA1038 /* Release */ = {
			isa = XCBuildConfiguration;
			buildSettings = {
				ASSETCATALOG_COMPILER_APPICON_NAME = AppIcon;
				CODE_SIGN_STYLE = Automatic;
				DEVELOPMENT_TEAM = 286BN4BY9J;
				INFOPLIST_FILE = Uvarovite/Info.plist;
				LD_RUNPATH_SEARCH_PATHS = "$(inherited) @executable_path/Frameworks";
				PRODUCT_BUNDLE_IDENTIFIER = com.tolgaakin.Uvarovite;
				PRODUCT_NAME = "$(TARGET_NAME)";
				SWIFT_VERSION = 4.0;
				TARGETED_DEVICE_FAMILY = "1,2";
			};
			name = Release;
		};
		FD9A242A1F80437500BA1038 /* Debug */ = {
			isa = XCBuildConfiguration;
			buildSettings = {
				ALWAYS_EMBED_SWIFT_STANDARD_LIBRARIES = YES;
				BUNDLE_LOADER = "$(TEST_HOST)";
				CODE_SIGN_STYLE = Automatic;
				DEVELOPMENT_TEAM = 286BN4BY9J;
				INFOPLIST_FILE = UvaroviteTests/Info.plist;
				LD_RUNPATH_SEARCH_PATHS = "$(inherited) @executable_path/Frameworks @loader_path/Frameworks";
				PRODUCT_BUNDLE_IDENTIFIER = com.tolgaakin.UvaroviteTests;
				PRODUCT_NAME = "$(TARGET_NAME)";
				SWIFT_VERSION = 4.0;
				TARGETED_DEVICE_FAMILY = "1,2";
				TEST_HOST = "$(BUILT_PRODUCTS_DIR)/Uvarovite.app/Uvarovite";
			};
			name = Debug;
		};
		FD9A242B1F80437500BA1038 /* Release */ = {
			isa = XCBuildConfiguration;
			buildSettings = {
				ALWAYS_EMBED_SWIFT_STANDARD_LIBRARIES = YES;
				BUNDLE_LOADER = "$(TEST_HOST)";
				CODE_SIGN_STYLE = Automatic;
				DEVELOPMENT_TEAM = 286BN4BY9J;
				INFOPLIST_FILE = UvaroviteTests/Info.plist;
				LD_RUNPATH_SEARCH_PATHS = "$(inherited) @executable_path/Frameworks @loader_path/Frameworks";
				PRODUCT_BUNDLE_IDENTIFIER = com.tolgaakin.UvaroviteTests;
				PRODUCT_NAME = "$(TARGET_NAME)";
				SWIFT_VERSION = 4.0;
				TARGETED_DEVICE_FAMILY = "1,2";
				TEST_HOST = "$(BUILT_PRODUCTS_DIR)/Uvarovite.app/Uvarovite";
			};
			name = Release;
		};
		FD9A242D1F80437500BA1038 /* Debug */ = {
			isa = XCBuildConfiguration;
			buildSettings = {
				ALWAYS_EMBED_SWIFT_STANDARD_LIBRARIES = YES;
				CODE_SIGN_STYLE = Automatic;
				DEVELOPMENT_TEAM = 286BN4BY9J;
				INFOPLIST_FILE = UvaroviteUITests/Info.plist;
				LD_RUNPATH_SEARCH_PATHS = "$(inherited) @executable_path/Frameworks @loader_path/Frameworks";
				PRODUCT_BUNDLE_IDENTIFIER = com.tolgaakin.UvaroviteUITests;
				PRODUCT_NAME = "$(TARGET_NAME)";
				SWIFT_VERSION = 4.0;
				TARGETED_DEVICE_FAMILY = "1,2";
				TEST_TARGET_NAME = Uvarovite;
			};
			name = Debug;
		};
		FD9A242E1F80437500BA1038 /* Release */ = {
			isa = XCBuildConfiguration;
			buildSettings = {
				ALWAYS_EMBED_SWIFT_STANDARD_LIBRARIES = YES;
				CODE_SIGN_STYLE = Automatic;
				DEVELOPMENT_TEAM = 286BN4BY9J;
				INFOPLIST_FILE = UvaroviteUITests/Info.plist;
				LD_RUNPATH_SEARCH_PATHS = "$(inherited) @executable_path/Frameworks @loader_path/Frameworks";
				PRODUCT_BUNDLE_IDENTIFIER = com.tolgaakin.UvaroviteUITests;
				PRODUCT_NAME = "$(TARGET_NAME)";
				SWIFT_VERSION = 4.0;
				TARGETED_DEVICE_FAMILY = "1,2";
				TEST_TARGET_NAME = Uvarovite;
			};
			name = Release;
		};
/* End XCBuildConfiguration section */

/* Begin XCConfigurationList section */
		FD9A23F91F80437500BA1038 /* Build configuration list for PBXProject "Uvarovite" */ = {
			isa = XCConfigurationList;
			buildConfigurations = (
				FD9A24241F80437500BA1038 /* Debug */,
				FD9A24251F80437500BA1038 /* Release */,
			);
			defaultConfigurationIsVisible = 0;
			defaultConfigurationName = Release;
		};
		FD9A24261F80437500BA1038 /* Build configuration list for PBXNativeTarget "Uvarovite" */ = {
			isa = XCConfigurationList;
			buildConfigurations = (
				FD9A24271F80437500BA1038 /* Debug */,
				FD9A24281F80437500BA1038 /* Release */,
			);
			defaultConfigurationIsVisible = 0;
			defaultConfigurationName = Release;
		};
		FD9A24291F80437500BA1038 /* Build configuration list for PBXNativeTarget "UvaroviteTests" */ = {
			isa = XCConfigurationList;
			buildConfigurations = (
				FD9A242A1F80437500BA1038 /* Debug */,
				FD9A242B1F80437500BA1038 /* Release */,
			);
			defaultConfigurationIsVisible = 0;
			defaultConfigurationName = Release;
		};
		FD9A242C1F80437500BA1038 /* Build configuration list for PBXNativeTarget "UvaroviteUITests" */ = {
			isa = XCConfigurationList;
			buildConfigurations = (
				FD9A242D1F80437500BA1038 /* Debug */,
				FD9A242E1F80437500BA1038 /* Release */,
			);
			defaultConfigurationIsVisible = 0;
			defaultConfigurationName = Release;
		};
/* End XCConfigurationList section */
	};
	rootObject = FD9A23F61F80437500BA1038 /* Project object */;
}
